// !$*UTF8*$!
{
	archiveVersion = 1;
	classes = {
	};
	objectVersion = 50;
	objects = {

/* Begin PBXBuildFile section */
		F2E662F82543819900357E59 /* VewModel.swift in Sources */ = {isa = PBXBuildFile; fileRef = F2E662F72543819900357E59 /* VewModel.swift */; };
		F2F614DF2543764400D451EF /* AppDelegate.swift in Sources */ = {isa = PBXBuildFile; fileRef = F2F614DE2543764400D451EF /* AppDelegate.swift */; };
		F2F614E12543764400D451EF /* SceneDelegate.swift in Sources */ = {isa = PBXBuildFile; fileRef = F2F614E02543764400D451EF /* SceneDelegate.swift */; };
		F2F614E32543764400D451EF /* MainViewController.swift in Sources */ = {isa = PBXBuildFile; fileRef = F2F614E22543764400D451EF /* MainViewController.swift */; };
		F2F614E62543764400D451EF /* Main.storyboard in Resources */ = {isa = PBXBuildFile; fileRef = F2F614E42543764400D451EF /* Main.storyboard */; };
		F2F614E82543764500D451EF /* Assets.xcassets in Resources */ = {isa = PBXBuildFile; fileRef = F2F614E72543764500D451EF /* Assets.xcassets */; };
		F2F614EB2543764500D451EF /* LaunchScreen.storyboard in Resources */ = {isa = PBXBuildFile; fileRef = F2F614E92543764500D451EF /* LaunchScreen.storyboard */; };
		F2F614F92543784700D451EF /* CollectionViewCell.swift in Sources */ = {isa = PBXBuildFile; fileRef = F2F614F82543784700D451EF /* CollectionViewCell.swift */; };
/* End PBXBuildFile section */

/* Begin PBXFileReference section */
		F2E2643B25E3EDEC0036EC60 /* For2048.entitlements */ = {isa = PBXFileReference; lastKnownFileType = text.plist.entitlements; path = For2048.entitlements; sourceTree = "<group>"; };
		F2E662F72543819900357E59 /* VewModel.swift */ = {isa = PBXFileReference; lastKnownFileType = sourcecode.swift; path = VewModel.swift; sourceTree = "<group>"; };
		F2F614DB2543764400D451EF /* For2048.app */ = {isa = PBXFileReference; explicitFileType = wrapper.application; includeInIndex = 0; path = For2048.app; sourceTree = BUILT_PRODUCTS_DIR; };
		F2F614DE2543764400D451EF /* AppDelegate.swift */ = {isa = PBXFileReference; lastKnownFileType = sourcecode.swift; path = AppDelegate.swift; sourceTree = "<group>"; };
		F2F614E02543764400D451EF /* SceneDelegate.swift */ = {isa = PBXFileReference; lastKnownFileType = sourcecode.swift; path = SceneDelegate.swift; sourceTree = "<group>"; };
		F2F614E22543764400D451EF /* MainViewController.swift */ = {isa = PBXFileReference; lastKnownFileType = sourcecode.swift; path = MainViewController.swift; sourceTree = "<group>"; };
		F2F614E52543764400D451EF /* Base */ = {isa = PBXFileReference; lastKnownFileType = file.storyboard; name = Base; path = Base.lproj/Main.storyboard; sourceTree = "<group>"; };
		F2F614E72543764500D451EF /* Assets.xcassets */ = {isa = PBXFileReference; lastKnownFileType = folder.assetcatalog; path = Assets.xcassets; sourceTree = "<group>"; };
		F2F614EA2543764500D451EF /* Base */ = {isa = PBXFileReference; lastKnownFileType = file.storyboard; name = Base; path = Base.lproj/LaunchScreen.storyboard; sourceTree = "<group>"; };
		F2F614EC2543764500D451EF /* Info.plist */ = {isa = PBXFileReference; lastKnownFileType = text.plist.xml; path = Info.plist; sourceTree = "<group>"; };
		F2F614F82543784700D451EF /* CollectionViewCell.swift */ = {isa = PBXFileReference; lastKnownFileType = sourcecode.swift; path = CollectionViewCell.swift; sourceTree = "<group>"; };
/* End PBXFileReference section */

/* Begin PBXFrameworksBuildPhase section */
		F2F614D82543764400D451EF /* Frameworks */ = {
			isa = PBXFrameworksBuildPhase;
			buildActionMask = 2147483647;
			files = (
			);
			runOnlyForDeploymentPostprocessing = 0;
		};
/* End PBXFrameworksBuildPhase section */

/* Begin PBXGroup section */
		F242FECC25E3EA7C007787C3 /* Support */ = {
			isa = PBXGroup;
			children = (
				F2F614DE2543764400D451EF /* AppDelegate.swift */,
				F2F614E02543764400D451EF /* SceneDelegate.swift */,
			);
			path = Support;
			sourceTree = "<group>";
		};
		F242FECD25E3EA86007787C3 /* Storyboards */ = {
			isa = PBXGroup;
			children = (
				F2F614E42543764400D451EF /* Main.storyboard */,
				F2F614E92543764500D451EF /* LaunchScreen.storyboard */,
			);
			path = Storyboards;
			sourceTree = "<group>";
		};
		F2E662F62543818800357E59 /* ViewModel */ = {
			isa = PBXGroup;
			children = (
				F2E662F72543819900357E59 /* VewModel.swift */,
			);
			path = ViewModel;
			sourceTree = "<group>";
		};
		F2F614D22543764400D451EF = {
			isa = PBXGroup;
			children = (
				F2F614DD2543764400D451EF /* For2048 */,
				F2F614DC2543764400D451EF /* Products */,
			);
			sourceTree = "<group>";
		};
		F2F614DC2543764400D451EF /* Products */ = {
			isa = PBXGroup;
			children = (
				F2F614DB2543764400D451EF /* For2048.app */,
			);
			name = Products;
			sourceTree = "<group>";
		};
		F2F614DD2543764400D451EF /* For2048 */ = {
			isa = PBXGroup;
			children = (
				F2E2643B25E3EDEC0036EC60 /* For2048.entitlements */,
				F242FECD25E3EA86007787C3 /* Storyboards */,
				F242FECC25E3EA7C007787C3 /* Support */,
				F2E662F62543818800357E59 /* ViewModel */,
				F2F614F72543782A00D451EF /* Controller */,
				F2F614F62543782300D451EF /* View */,
				F2F614E72543764500D451EF /* Assets.xcassets */,
				F2F614EC2543764500D451EF /* Info.plist */,
			);
			path = For2048;
			sourceTree = "<group>";
		};
		F2F614F62543782300D451EF /* View */ = {
			isa = PBXGroup;
			children = (
				F2F614F82543784700D451EF /* CollectionViewCell.swift */,
			);
			path = View;
			sourceTree = "<group>";
		};
		F2F614F72543782A00D451EF /* Controller */ = {
			isa = PBXGroup;
			children = (
				F2F614E22543764400D451EF /* MainViewController.swift */,
			);
			path = Controller;
			sourceTree = "<group>";
		};
/* End PBXGroup section */

/* Begin PBXNativeTarget section */
		F2F614DA2543764400D451EF /* For2048 */ = {
			isa = PBXNativeTarget;
			buildConfigurationList = F2F614EF2543764500D451EF /* Build configuration list for PBXNativeTarget "For2048" */;
			buildPhases = (
				F2F614D72543764400D451EF /* Sources */,
				F2F614D82543764400D451EF /* Frameworks */,
				F2F614D92543764400D451EF /* Resources */,
			);
			buildRules = (
			);
			dependencies = (
			);
			name = For2048;
			productName = For2048;
			productReference = F2F614DB2543764400D451EF /* For2048.app */;
			productType = "com.apple.product-type.application";
		};
/* End PBXNativeTarget section */

/* Begin PBXProject section */
		F2F614D32543764400D451EF /* Project object */ = {
			isa = PBXProject;
			attributes = {
				LastSwiftUpdateCheck = 1210;
				LastUpgradeCheck = 1210;
				TargetAttributes = {
					F2F614DA2543764400D451EF = {
						CreatedOnToolsVersion = 12.1;
					};
				};
			};
			buildConfigurationList = F2F614D62543764400D451EF /* Build configuration list for PBXProject "For2048" */;
			compatibilityVersion = "Xcode 9.3";
			developmentRegion = en;
			hasScannedForEncodings = 0;
			knownRegions = (
				en,
				Base,
			);
			mainGroup = F2F614D22543764400D451EF;
			productRefGroup = F2F614DC2543764400D451EF /* Products */;
			projectDirPath = "";
			projectRoot = "";
			targets = (
				F2F614DA2543764400D451EF /* For2048 */,
			);
		};
/* End PBXProject section */

/* Begin PBXResourcesBuildPhase section */
		F2F614D92543764400D451EF /* Resources */ = {
			isa = PBXResourcesBuildPhase;
			buildActionMask = 2147483647;
			files = (
				F2F614EB2543764500D451EF /* LaunchScreen.storyboard in Resources */,
				F2F614E82543764500D451EF /* Assets.xcassets in Resources */,
				F2F614E62543764400D451EF /* Main.storyboard in Resources */,
			);
			runOnlyForDeploymentPostprocessing = 0;
		};
/* End PBXResourcesBuildPhase section */

/* Begin PBXSourcesBuildPhase section */
		F2F614D72543764400D451EF /* Sources */ = {
			isa = PBXSourcesBuildPhase;
			buildActionMask = 2147483647;
			files = (
				F2F614E32543764400D451EF /* MainViewController.swift in Sources */,
				F2F614DF2543764400D451EF /* AppDelegate.swift in Sources */,
				F2F614F92543784700D451EF /* CollectionViewCell.swift in Sources */,
				F2E662F82543819900357E59 /* VewModel.swift in Sources */,
				F2F614E12543764400D451EF /* SceneDelegate.swift in Sources */,
			);
			runOnlyForDeploymentPostprocessing = 0;
		};
/* End PBXSourcesBuildPhase section */

/* Begin PBXVariantGroup section */
		F2F614E42543764400D451EF /* Main.storyboard */ = {
			isa = PBXVariantGroup;
			children = (
				F2F614E52543764400D451EF /* Base */,
			);
			name = Main.storyboard;
			sourceTree = "<group>";
		};
		F2F614E92543764500D451EF /* LaunchScreen.storyboard */ = {
			isa = PBXVariantGroup;
			children = (
				F2F614EA2543764500D451EF /* Base */,
			);
			name = LaunchScreen.storyboard;
			sourceTree = "<group>";
		};
/* End PBXVariantGroup section */

/* Begin XCBuildConfiguration section */
		F2F614ED2543764500D451EF /* Debug */ = {
			isa = XCBuildConfiguration;
			buildSettings = {
				ALWAYS_SEARCH_USER_PATHS = NO;
				CLANG_ANALYZER_NONNULL = YES;
				CLANG_ANALYZER_NUMBER_OBJECT_CONVERSION = YES_AGGRESSIVE;
				CLANG_CXX_LANGUAGE_STANDARD = "gnu++14";
				CLANG_CXX_LIBRARY = "libc++";
				CLANG_ENABLE_MODULES = YES;
				CLANG_ENABLE_OBJC_ARC = YES;
				CLANG_ENABLE_OBJC_WEAK = YES;
				CLANG_WARN_BLOCK_CAPTURE_AUTORELEASING = YES;
				CLANG_WARN_BOOL_CONVERSION = YES;
				CLANG_WARN_COMMA = YES;
				CLANG_WARN_CONSTANT_CONVERSION = YES;
				CLANG_WARN_DEPRECATED_OBJC_IMPLEMENTATIONS = YES;
				CLANG_WARN_DIRECT_OBJC_ISA_USAGE = YES_ERROR;
				CLANG_WARN_DOCUMENTATION_COMMENTS = YES;
				CLANG_WARN_EMPTY_BODY = YES;
				CLANG_WARN_ENUM_CONVERSION = YES;
				CLANG_WARN_INFINITE_RECURSION = YES;
				CLANG_WARN_INT_CONVERSION = YES;
				CLANG_WARN_NON_LITERAL_NULL_CONVERSION = YES;
				CLANG_WARN_OBJC_IMPLICIT_RETAIN_SELF = YES;
				CLANG_WARN_OBJC_LITERAL_CONVERSION = YES;
				CLANG_WARN_OBJC_ROOT_CLASS = YES_ERROR;
				CLANG_WARN_QUOTED_INCLUDE_IN_FRAMEWORK_HEADER = YES;
				CLANG_WARN_RANGE_LOOP_ANALYSIS = YES;
				CLANG_WARN_STRICT_PROTOTYPES = YES;
				CLANG_WARN_SUSPICIOUS_MOVE = YES;
				CLANG_WARN_UNGUARDED_AVAILABILITY = YES_AGGRESSIVE;
				CLANG_WARN_UNREACHABLE_CODE = YES;
				CLANG_WARN__DUPLICATE_METHOD_MATCH = YES;
				COPY_PHASE_STRIP = NO;
				DEBUG_INFORMATION_FORMAT = dwarf;
				ENABLE_STRICT_OBJC_MSGSEND = YES;
				ENABLE_TESTABILITY = YES;
				GCC_C_LANGUAGE_STANDARD = gnu11;
				GCC_DYNAMIC_NO_PIC = NO;
				GCC_NO_COMMON_BLOCKS = YES;
				GCC_OPTIMIZATION_LEVEL = 0;
				GCC_PREPROCESSOR_DEFINITIONS = (
					"DEBUG=1",
					"$(inherited)",
				);
				GCC_WARN_64_TO_32_BIT_CONVERSION = YES;
				GCC_WARN_ABOUT_RETURN_TYPE = YES_ERROR;
				GCC_WARN_UNDECLARED_SELECTOR = YES;
				GCC_WARN_UNINITIALIZED_AUTOS = YES_AGGRESSIVE;
				GCC_WARN_UNUSED_FUNCTION = YES;
				GCC_WARN_UNUSED_VARIABLE = YES;
				IPHONEOS_DEPLOYMENT_TARGET = 14.1;
				MTL_ENABLE_DEBUG_INFO = INCLUDE_SOURCE;
				MTL_FAST_MATH = YES;
				ONLY_ACTIVE_ARCH = YES;
				SDKROOT = iphoneos;
				SWIFT_ACTIVE_COMPILATION_CONDITIONS = DEBUG;
				SWIFT_OPTIMIZATION_LEVEL = "-Onone";
			};
			name = Debug;
		};
		F2F614EE2543764500D451EF /* Release */ = {
			isa = XCBuildConfiguration;
			buildSettings = {
				ALWAYS_SEARCH_USER_PATHS = NO;
				CLANG_ANALYZER_NONNULL = YES;
				CLANG_ANALYZER_NUMBER_OBJECT_CONVERSION = YES_AGGRESSIVE;
				CLANG_CXX_LANGUAGE_STANDARD = "gnu++14";
				CLANG_CXX_LIBRARY = "libc++";
				CLANG_ENABLE_MODULES = YES;
				CLANG_ENABLE_OBJC_ARC = YES;
				CLANG_ENABLE_OBJC_WEAK = YES;
				CLANG_WARN_BLOCK_CAPTURE_AUTORELEASING = YES;
				CLANG_WARN_BOOL_CONVERSION = YES;
				CLANG_WARN_COMMA = YES;
				CLANG_WARN_CONSTANT_CONVERSION = YES;
				CLANG_WARN_DEPRECATED_OBJC_IMPLEMENTATIONS = YES;
				CLANG_WARN_DIRECT_OBJC_ISA_USAGE = YES_ERROR;
				CLANG_WARN_DOCUMENTATION_COMMENTS = YES;
				CLANG_WARN_EMPTY_BODY = YES;
				CLANG_WARN_ENUM_CONVERSION = YES;
				CLANG_WARN_INFINITE_RECURSION = YES;
				CLANG_WARN_INT_CONVERSION = YES;
				CLANG_WARN_NON_LITERAL_NULL_CONVERSION = YES;
				CLANG_WARN_OBJC_IMPLICIT_RETAIN_SELF = YES;
				CLANG_WARN_OBJC_LITERAL_CONVERSION = YES;
				CLANG_WARN_OBJC_ROOT_CLASS = YES_ERROR;
				CLANG_WARN_QUOTED_INCLUDE_IN_FRAMEWORK_HEADER = YES;
				CLANG_WARN_RANGE_LOOP_ANALYSIS = YES;
				CLANG_WARN_STRICT_PROTOTYPES = YES;
				CLANG_WARN_SUSPICIOUS_MOVE = YES;
				CLANG_WARN_UNGUARDED_AVAILABILITY = YES_AGGRESSIVE;
				CLANG_WARN_UNREACHABLE_CODE = YES;
				CLANG_WARN__DUPLICATE_METHOD_MATCH = YES;
				COPY_PHASE_STRIP = NO;
				DEBUG_INFORMATION_FORMAT = "dwarf-with-dsym";
				ENABLE_NS_ASSERTIONS = NO;
				ENABLE_STRICT_OBJC_MSGSEND = YES;
				GCC_C_LANGUAGE_STANDARD = gnu11;
				GCC_NO_COMMON_BLOCKS = YES;
				GCC_WARN_64_TO_32_BIT_CONVERSION = YES;
				GCC_WARN_ABOUT_RETURN_TYPE = YES_ERROR;
				GCC_WARN_UNDECLARED_SELECTOR = YES;
				GCC_WARN_UNINITIALIZED_AUTOS = YES_AGGRESSIVE;
				GCC_WARN_UNUSED_FUNCTION = YES;
				GCC_WARN_UNUSED_VARIABLE = YES;
				IPHONEOS_DEPLOYMENT_TARGET = 14.1;
				MTL_ENABLE_DEBUG_INFO = NO;
				MTL_FAST_MATH = YES;
				SDKROOT = iphoneos;
				SWIFT_COMPILATION_MODE = wholemodule;
				SWIFT_OPTIMIZATION_LEVEL = "-O";
				VALIDATE_PRODUCT = YES;
			};
			name = Release;
		};
		F2F614F02543764500D451EF /* Debug */ = {
			isa = XCBuildConfiguration;
			buildSettings = {
				ASSETCATALOG_COMPILER_APPICON_NAME = AppIcon;
				ASSETCATALOG_COMPILER_GLOBAL_ACCENT_COLOR_NAME = AccentColor;
				CODE_SIGN_ENTITLEMENTS = For2048/For2048.entitlements;
				CODE_SIGN_STYLE = Automatic;
				DEVELOPMENT_TEAM = 7GVZPRCFHJ;
				INFOPLIST_FILE = For2048/Info.plist;
				LD_RUNPATH_SEARCH_PATHS = (
					"$(inherited)",
					"@executable_path/Frameworks",
				);
				MARKETING_VERSION = 1.3;
				PRODUCT_BUNDLE_IDENTIFIER = "John-Li.For2048";
				PRODUCT_NAME = "$(TARGET_NAME)";
				SWIFT_VERSION = 5.0;
				TARGETED_DEVICE_FAMILY = "1,2";
			};
			name = Debug;
		};
		F2F614F12543764500D451EF /* Release */ = {
			isa = XCBuildConfiguration;
			buildSettings = {
				ASSETCATALOG_COMPILER_APPICON_NAME = AppIcon;
				ASSETCATALOG_COMPILER_GLOBAL_ACCENT_COLOR_NAME = AccentColor;
				CODE_SIGN_ENTITLEMENTS = For2048/For2048.entitlements;
				CODE_SIGN_STYLE = Automatic;
				DEVELOPMENT_TEAM = 7GVZPRCFHJ;
				INFOPLIST_FILE = For2048/Info.plist;
				LD_RUNPATH_SEARCH_PATHS = (
					"$(inherited)",
					"@executable_path/Frameworks",
				);
				MARKETING_VERSION = 1.3;
				PRODUCT_BUNDLE_IDENTIFIER = "John-Li.For2048";
				PRODUCT_NAME = "$(TARGET_NAME)";
				SWIFT_VERSION = 5.0;
				TARGETED_DEVICE_FAMILY = "1,2";
			};
			name = Release;
		};
/* End XCBuildConfiguration section */

/* Begin XCConfigurationList section */
		F2F614D62543764400D451EF /* Build configuration list for PBXProject "For2048" */ = {
			isa = XCConfigurationList;
			buildConfigurations = (
				F2F614ED2543764500D451EF /* Debug */,
				F2F614EE2543764500D451EF /* Release */,
			);
			defaultConfigurationIsVisible = 0;
			defaultConfigurationName = Release;
		};
		F2F614EF2543764500D451EF /* Build configuration list for PBXNativeTarget "For2048" */ = {
			isa = XCConfigurationList;
			buildConfigurations = (
				F2F614F02543764500D451EF /* Debug */,
				F2F614F12543764500D451EF /* Release */,
			);
			defaultConfigurationIsVisible = 0;
			defaultConfigurationName = Release;
		};
/* End XCConfigurationList section */
	};
	rootObject = F2F614D32543764400D451EF /* Project object */;
}
